[[package]]
name = "attr"
version = "0.3.1"
description = "Simple decorator to set attributes of target function or class in a DRY way."
category = "main"
optional = false
python-versions = "*"

[[package]]
name = "more-itertools"
version = "8.6.0"
description = "More routines for operating on iterables, beyond itertools"
category = "main"
optional = false
python-versions = ">=3.5"

[[package]]
name = "tabulate"
version = "0.8.7"
description = "Pretty-print tabular data"
category = "main"
optional = false
python-versions = "*"

[package.extras]
widechars = ["wcwidth"]

[[package]]
name = "tqdm"
version = "4.51.0"
description = "Fast, Extensible Progress Meter"
category = "main"
optional = false
python-versions = ">=2.6, !=3.0.*, !=3.1.*"

[package.extras]
dev = ["py-make (>=0.1.0)", "twine", "argopt", "pydoc-markdown"]

[metadata]
lock-version = "1.1"
python-versions = ">=3.5"
content-hash = "4d97cd01ebc6c159b3942d52f09d1ac093074667b049684a322b965d0507a8fb"

[metadata.files]
attr = [
    {file = "attr-0.3.1-py2-none-any.whl", hash = "sha256:0b1aaddb85bd9e9c4bd75092f4440d6616ff40b0df0437f00771871670f7c9fd"},
    {file = "attr-0.3.1.tar.gz", hash = "sha256:9091548058d17f132596e61fa7518e504f76b9a4c61ca7d86e1f96dbf7d4775d"},
]
more-itertools = [
    {file = "more-itertools-8.6.0.tar.gz", hash = "sha256:b3a9005928e5bed54076e6e549c792b306fddfe72b2d1d22dd63d42d5d3899cf"},
    {file = "more_itertools-8.6.0-py3-none-any.whl", hash = "sha256:8e1a2a43b2f2727425f2b5839587ae37093f19153dc26c0927d1048ff6557330"},
]
tabulate = [
    {file = "tabulate-0.8.7-py3-none-any.whl", hash = "sha256:ac64cb76d53b1231d364babcd72abbb16855adac7de6665122f97b593f1eb2ba"},
    {file = "tabulate-0.8.7.tar.gz", hash = "sha256:db2723a20d04bcda8522165c73eea7c300eda74e0ce852d9022e0159d7895007"},
]
tqdm = [
    {file = "tqdm-4.51.0-py2.py3-none-any.whl", hash = "sha256:9ad44aaf0fc3697c06f6e05c7cf025dd66bc7bcb7613c66d85f4464c47ac8fad"},
    {file = "tqdm-4.51.0.tar.gz", hash = "sha256:ef54779f1c09f346b2b5a8e5c61f96fbcb639929e640e59f8cf810794f406432"},
]
